
Microsoft Visual Studio Solution File, Format Version 12.00
# Visual Studio Version 16
VisualStudioVersion = 16.0.31515.178
MinimumVisualStudioVersion = 10.0.40219.1
Project("{9A19103F-16F7-4668-BE54-9A1E7A4F7556}") = "API", "API\API.csproj", "{FE661904-BF20-46D9-BA36-387D03524EFB}"
EndProject
Global
	GlobalSection(SolutionConfigurationPlatforms) = preSolution
		Debug|Any CPU = Debug|Any CPU
		Release|Any CPU = Release|Any CPU
	EndGlobalSection
	GlobalSection(ProjectConfigurationPlatforms) = postSolution
		{FE661904-BF20-46D9-BA36-387D03524EFB}.Debug|Any CPU.ActiveCfg = Debug|Any CPU
		{FE661904-BF20-46D9-BA36-387D03524EFB}.Debug|Any CPU.Build.0 = Debug|Any CPU
		{FE661904-BF20-46D9-BA36-387D03524EFB}.Release|Any CPU.ActiveCfg = Release|Any CPU
		{FE661904-BF20-46D9-BA36-387D03524EFB}.Release|Any CPU.Build.0 = Release|Any CPU
	EndGlobalSection
	GlobalSection(SolutionProperties) = preSolution
		HideSolutionNode = FALSE
	EndGlobalSection
	GlobalSection(ExtensibilityGlobals) = postSolution
		SolutionGuid = {1488D7AE-16DB-4033-8417-014BFFE78829}
	EndGlobalSection
EndGlobal
